
Microsoft Visual Studio Solution File, Format Version 12.00
# Visual Studio Version 16
VisualStudioVersion = 16.0.30907.101
MinimumVisualStudioVersion = 15.0.26124.0
Project("{6EC3EE1D-3C4E-46DD-8F32-0CC8E7565705}") = "FSharpSpreadsheetML", "src\FSharpSpreadsheetML\FSharpSpreadsheetML.fsproj", "{83A68C18-7D66-4A8C-B536-36AAC0CD8B5C}"
EndProject
Project("{2150E333-8FDC-42A3-9474-1A3956D46DE8}") = "tools", "tools", "{DF9FCD2E-E2CD-48F1-A2E2-66AC6CA8760D}"
	ProjectSection(SolutionItems) = preProject
		.gitignore = .gitignore
		build.cmd = build.cmd
		build.fsx = build.fsx
		README.md = README.md
		RELEASE_NOTES.md = RELEASE_NOTES.md
	EndProjectSection
EndProject
Project("{6EC3EE1D-3C4E-46DD-8F32-0CC8E7565705}") = "FSharpSpreadsheetML.Tests", "tests\FSharpSpreadsheetML.Tests\FSharpSpreadsheetML.Tests.fsproj", "{F86608AE-B430-43C4-82EF-77854697221F}"
EndProject
Project("{2150E333-8FDC-42A3-9474-1A3956D46DE8}") = "content", "content", "{408F44A0-9B74-4883-A6DC-4568CAA174A4}"
	ProjectSection(SolutionItems) = preProject
		docs\index.fsx = docs\index.fsx
		docs\table.fsx = docs\table.fsx
	EndProjectSection
EndProject
Global
	GlobalSection(SolutionConfigurationPlatforms) = preSolution
		Debug|Any CPU = Debug|Any CPU
		Debug|x64 = Debug|x64
		Debug|x86 = Debug|x86
		Release|Any CPU = Release|Any CPU
		Release|x64 = Release|x64
		Release|x86 = Release|x86
	EndGlobalSection
	GlobalSection(ProjectConfigurationPlatforms) = postSolution
		{83A68C18-7D66-4A8C-B536-36AAC0CD8B5C}.Debug|Any CPU.ActiveCfg = Debug|Any CPU
		{83A68C18-7D66-4A8C-B536-36AAC0CD8B5C}.Debug|Any CPU.Build.0 = Debug|Any CPU
		{83A68C18-7D66-4A8C-B536-36AAC0CD8B5C}.Debug|x64.ActiveCfg = Debug|Any CPU
		{83A68C18-7D66-4A8C-B536-36AAC0CD8B5C}.Debug|x64.Build.0 = Debug|Any CPU
		{83A68C18-7D66-4A8C-B536-36AAC0CD8B5C}.Debug|x86.ActiveCfg = Debug|Any CPU
		{83A68C18-7D66-4A8C-B536-36AAC0CD8B5C}.Debug|x86.Build.0 = Debug|Any CPU
		{83A68C18-7D66-4A8C-B536-36AAC0CD8B5C}.Release|Any CPU.ActiveCfg = Release|Any CPU
		{83A68C18-7D66-4A8C-B536-36AAC0CD8B5C}.Release|Any CPU.Build.0 = Release|Any CPU
		{83A68C18-7D66-4A8C-B536-36AAC0CD8B5C}.Release|x64.ActiveCfg = Release|Any CPU
		{83A68C18-7D66-4A8C-B536-36AAC0CD8B5C}.Release|x64.Build.0 = Release|Any CPU
		{83A68C18-7D66-4A8C-B536-36AAC0CD8B5C}.Release|x86.ActiveCfg = Release|Any CPU
		{83A68C18-7D66-4A8C-B536-36AAC0CD8B5C}.Release|x86.Build.0 = Release|Any CPU
		{F86608AE-B430-43C4-82EF-77854697221F}.Debug|Any CPU.ActiveCfg = Debug|Any CPU
		{F86608AE-B430-43C4-82EF-77854697221F}.Debug|Any CPU.Build.0 = Debug|Any CPU
		{F86608AE-B430-43C4-82EF-77854697221F}.Debug|x64.ActiveCfg = Debug|Any CPU
		{F86608AE-B430-43C4-82EF-77854697221F}.Debug|x64.Build.0 = Debug|Any CPU
		{F86608AE-B430-43C4-82EF-77854697221F}.Debug|x86.ActiveCfg = Debug|Any CPU
		{F86608AE-B430-43C4-82EF-77854697221F}.Debug|x86.Build.0 = Debug|Any CPU
		{F86608AE-B430-43C4-82EF-77854697221F}.Release|Any CPU.ActiveCfg = Release|Any CPU
		{F86608AE-B430-43C4-82EF-77854697221F}.Release|Any CPU.Build.0 = Release|Any CPU
		{F86608AE-B430-43C4-82EF-77854697221F}.Release|x64.ActiveCfg = Release|Any CPU
		{F86608AE-B430-43C4-82EF-77854697221F}.Release|x64.Build.0 = Release|Any CPU
		{F86608AE-B430-43C4-82EF-77854697221F}.Release|x86.ActiveCfg = Release|Any CPU
		{F86608AE-B430-43C4-82EF-77854697221F}.Release|x86.Build.0 = Release|Any CPU
	EndGlobalSection
	GlobalSection(SolutionProperties) = preSolution
		HideSolutionNode = FALSE
	EndGlobalSection
	GlobalSection(ExtensibilityGlobals) = postSolution
		SolutionGuid = {8BC111D3-9DCF-443A-9C57-974C21CAA671}
	EndGlobalSection
EndGlobal
